github.com/puzpuzpuz/xsync/v3 v3.5.0 h1:i+cMcpEDY1BkNm7lPDkCtE4oElsYLn+EKF8kAu2vXT4=
github.com/puzpuzpuz/xsync/v3 v3.5.0/go.mod h1:VjzYrABPabuM4KyBh1Ftq6u8nhwY5tBPKP9jpmh0nnA=
golang.org/x/sync v0.10.0 h1:3NQrjDixjgGwUOCaF8w2+VYHv0Ve/vGYSbdkTa98gmQ=
golang.org/x/sync v0.10.0/go.mod h1:Czt+wKu1gCyEFDUtn0jG5QVvpJ6rzVqr5aXyt9drQfk=
